{
  "nodes": {
    "nixpkgs": {
      "locked": {
        "lastModified": 1776426889,
        "narHash": "sha256-CVHOpqbKdA0k+yzAit+Oj//Yi7s+qn/dG1RsdTG8Rko=",
        "owner": "NixOS",
        "repo": "nixpkgs",
        "rev": "7616097cfbc4afdb497723a4c843f6a0ff689ea5",
        "type": "github"
      },
      "original": {
        "owner": "NixOS",
        "repo": "nixpkgs",
        "rev": "7616097cfbc4afdb497723a4c843f6a0ff689ea5",
        "type": "github"
      }
    },
    "root": {
      "inputs": {
        "nixpkgs": "nixpkgs"
      }
    }
  },
  "root": "root",
  "version": 7
}
